
Microsoft Visual Studio Solution File, Format Version 11.00
# Visual Studio 2010
Project("{FAE04EC0-301F-11D3-BF4B-00C04F79EFBC}") = "Amphibian", "Amphibian\Amphibian.csproj", "{E0C66FEA-3843-458D-AAF7-779EBBE6BBBB}"
EndProject
Project("{FAE04EC0-301F-11D3-BF4B-00C04F79EFBC}") = "Amphibian.Xbox360", "Amphibian\Amphibian.Xbox360.csproj", "{C9B61513-351C-45C5-8628-D70E739CEC12}"
EndProject
Project("{FAE04EC0-301F-11D3-BF4B-00C04F79EFBC}") = "Amphibian.Tests", "Amphibian.Tests\Amphibian.Tests.csproj", "{51C04546-B9E1-416D-A1AD-8671A9E38707}"
EndProject
Project("{FAE04EC0-301F-11D3-BF4B-00C04F79EFBC}") = "GameDebugTools", "GameDebugTools\GameDebugTools.csproj", "{BDE38033-0722-470B-9F63-E3C9486A4B33}"
EndProject
Project("{FAE04EC0-301F-11D3-BF4B-00C04F79EFBC}") = "GameDebugTools.Xbox360", "GameDebugTools\GameDebugTools.Xbox360.csproj", "{8C941C8D-23E3-4193-90A8-C093E52711F7}"
EndProject
Project("{FAE04EC0-301F-11D3-BF4B-00C04F79EFBC}") = "Amphibian.MacOS", "Amphibian\Amphibian.MacOS.csproj", "{3AF297F3-74F4-4B51-8EB3-D4F210400038}"
EndProject
Project("{FAE04EC0-301F-11D3-BF4B-00C04F79EFBC}") = "GameDebugTools.MacOS", "GameDebugTools\GameDebugTools.MacOS.csproj", "{98792D6F-B1B6-4685-96CA-E1CC5E3BBBC1}"
EndProject
Global
	GlobalSection(SolutionConfigurationPlatforms) = preSolution
		Debug|Any CPU = Debug|Any CPU
		Debug|Mixed Platforms = Debug|Mixed Platforms
		Debug|x86 = Debug|x86
		Debug|Xbox 360 = Debug|Xbox 360
		Release Win32|Any CPU = Release Win32|Any CPU
		Release Win32|Mixed Platforms = Release Win32|Mixed Platforms
		Release Win32|x86 = Release Win32|x86
		Release Win32|Xbox 360 = Release Win32|Xbox 360
		Release.Xbox|Any CPU = Release.Xbox|Any CPU
		Release.Xbox|Mixed Platforms = Release.Xbox|Mixed Platforms
		Release.Xbox|x86 = Release.Xbox|x86
		Release.Xbox|Xbox 360 = Release.Xbox|Xbox 360
		Release|Any CPU = Release|Any CPU
		Release|Mixed Platforms = Release|Mixed Platforms
		Release|x86 = Release|x86
		Release|Xbox 360 = Release|Xbox 360
	EndGlobalSection
	GlobalSection(ProjectConfigurationPlatforms) = postSolution
		{3AF297F3-74F4-4B51-8EB3-D4F210400038}.Debug|Any CPU.ActiveCfg = Debug|Any CPU
		{3AF297F3-74F4-4B51-8EB3-D4F210400038}.Debug|Any CPU.Build.0 = Debug|Any CPU
		{3AF297F3-74F4-4B51-8EB3-D4F210400038}.Debug|Mixed Platforms.ActiveCfg = Debug|Any CPU
		{3AF297F3-74F4-4B51-8EB3-D4F210400038}.Debug|Mixed Platforms.Build.0 = Debug|Any CPU
		{3AF297F3-74F4-4B51-8EB3-D4F210400038}.Debug|x86.ActiveCfg = Debug|Any CPU
		{3AF297F3-74F4-4B51-8EB3-D4F210400038}.Debug|x86.Build.0 = Debug|Any CPU
		{3AF297F3-74F4-4B51-8EB3-D4F210400038}.Debug|Xbox 360.ActiveCfg = Debug|Any CPU
		{3AF297F3-74F4-4B51-8EB3-D4F210400038}.Debug|Xbox 360.Build.0 = Debug|Any CPU
		{3AF297F3-74F4-4B51-8EB3-D4F210400038}.Release Win32|Any CPU.ActiveCfg = Debug|Any CPU
		{3AF297F3-74F4-4B51-8EB3-D4F210400038}.Release Win32|Any CPU.Build.0 = Debug|Any CPU
		{3AF297F3-74F4-4B51-8EB3-D4F210400038}.Release Win32|Mixed Platforms.ActiveCfg = Debug|Any CPU
		{3AF297F3-74F4-4B51-8EB3-D4F210400038}.Release Win32|Mixed Platforms.Build.0 = Debug|Any CPU
		{3AF297F3-74F4-4B51-8EB3-D4F210400038}.Release Win32|x86.ActiveCfg = Debug|Any CPU
		{3AF297F3-74F4-4B51-8EB3-D4F210400038}.Release Win32|x86.Build.0 = Debug|Any CPU
		{3AF297F3-74F4-4B51-8EB3-D4F210400038}.Release Win32|Xbox 360.ActiveCfg = Debug|Any CPU
		{3AF297F3-74F4-4B51-8EB3-D4F210400038}.Release Win32|Xbox 360.Build.0 = Debug|Any CPU
		{3AF297F3-74F4-4B51-8EB3-D4F210400038}.Release.Xbox|Any CPU.ActiveCfg = Debug|Any CPU
		{3AF297F3-74F4-4B51-8EB3-D4F210400038}.Release.Xbox|Any CPU.Build.0 = Debug|Any CPU
		{3AF297F3-74F4-4B51-8EB3-D4F210400038}.Release.Xbox|Mixed Platforms.ActiveCfg = Debug|Any CPU
		{3AF297F3-74F4-4B51-8EB3-D4F210400038}.Release.Xbox|Mixed Platforms.Build.0 = Debug|Any CPU
		{3AF297F3-74F4-4B51-8EB3-D4F210400038}.Release.Xbox|x86.ActiveCfg = Debug|Any CPU
		{3AF297F3-74F4-4B51-8EB3-D4F210400038}.Release.Xbox|x86.Build.0 = Debug|Any CPU
		{3AF297F3-74F4-4B51-8EB3-D4F210400038}.Release.Xbox|Xbox 360.ActiveCfg = Debug|Any CPU
		{3AF297F3-74F4-4B51-8EB3-D4F210400038}.Release.Xbox|Xbox 360.Build.0 = Debug|Any CPU
		{3AF297F3-74F4-4B51-8EB3-D4F210400038}.Release|Any CPU.ActiveCfg = Release|Any CPU
		{3AF297F3-74F4-4B51-8EB3-D4F210400038}.Release|Any CPU.Build.0 = Release|Any CPU
		{3AF297F3-74F4-4B51-8EB3-D4F210400038}.Release|Mixed Platforms.ActiveCfg = Release|Any CPU
		{3AF297F3-74F4-4B51-8EB3-D4F210400038}.Release|Mixed Platforms.Build.0 = Release|Any CPU
		{3AF297F3-74F4-4B51-8EB3-D4F210400038}.Release|x86.ActiveCfg = Release|Any CPU
		{3AF297F3-74F4-4B51-8EB3-D4F210400038}.Release|x86.Build.0 = Release|Any CPU
		{3AF297F3-74F4-4B51-8EB3-D4F210400038}.Release|Xbox 360.ActiveCfg = Release|Any CPU
		{3AF297F3-74F4-4B51-8EB3-D4F210400038}.Release|Xbox 360.Build.0 = Release|Any CPU
		{51C04546-B9E1-416D-A1AD-8671A9E38707}.Debug|Any CPU.ActiveCfg = Debug|Any CPU
		{51C04546-B9E1-416D-A1AD-8671A9E38707}.Debug|Any CPU.Build.0 = Debug|Any CPU
		{51C04546-B9E1-416D-A1AD-8671A9E38707}.Debug|Mixed Platforms.ActiveCfg = Debug|Any CPU
		{51C04546-B9E1-416D-A1AD-8671A9E38707}.Debug|Mixed Platforms.Build.0 = Debug|Any CPU
		{51C04546-B9E1-416D-A1AD-8671A9E38707}.Debug|x86.ActiveCfg = Debug|Any CPU
		{51C04546-B9E1-416D-A1AD-8671A9E38707}.Debug|Xbox 360.ActiveCfg = Debug|Any CPU
		{51C04546-B9E1-416D-A1AD-8671A9E38707}.Release Win32|Any CPU.ActiveCfg = Release Win32|Any CPU
		{51C04546-B9E1-416D-A1AD-8671A9E38707}.Release Win32|Any CPU.Build.0 = Release Win32|Any CPU
		{51C04546-B9E1-416D-A1AD-8671A9E38707}.Release Win32|Mixed Platforms.ActiveCfg = Release Win32|Any CPU
		{51C04546-B9E1-416D-A1AD-8671A9E38707}.Release Win32|Mixed Platforms.Build.0 = Release Win32|Any CPU
		{51C04546-B9E1-416D-A1AD-8671A9E38707}.Release Win32|x86.ActiveCfg = Release Win32|Any CPU
		{51C04546-B9E1-416D-A1AD-8671A9E38707}.Release Win32|Xbox 360.ActiveCfg = Release Win32|Any CPU
		{51C04546-B9E1-416D-A1AD-8671A9E38707}.Release.Xbox|Any CPU.ActiveCfg = Release.Xbox|Any CPU
		{51C04546-B9E1-416D-A1AD-8671A9E38707}.Release.Xbox|Any CPU.Build.0 = Release.Xbox|Any CPU
		{51C04546-B9E1-416D-A1AD-8671A9E38707}.Release.Xbox|Mixed Platforms.ActiveCfg = Release.Xbox|Any CPU
		{51C04546-B9E1-416D-A1AD-8671A9E38707}.Release.Xbox|Mixed Platforms.Build.0 = Release.Xbox|Any CPU
		{51C04546-B9E1-416D-A1AD-8671A9E38707}.Release.Xbox|x86.ActiveCfg = Release.Xbox|Any CPU
		{51C04546-B9E1-416D-A1AD-8671A9E38707}.Release.Xbox|Xbox 360.ActiveCfg = Release.Xbox|Any CPU
		{51C04546-B9E1-416D-A1AD-8671A9E38707}.Release|Any CPU.ActiveCfg = Release|Any CPU
		{51C04546-B9E1-416D-A1AD-8671A9E38707}.Release|Any CPU.Build.0 = Release|Any CPU
		{51C04546-B9E1-416D-A1AD-8671A9E38707}.Release|Mixed Platforms.ActiveCfg = Release|Any CPU
		{51C04546-B9E1-416D-A1AD-8671A9E38707}.Release|Mixed Platforms.Build.0 = Release|Any CPU
		{51C04546-B9E1-416D-A1AD-8671A9E38707}.Release|x86.ActiveCfg = Release|Any CPU
		{51C04546-B9E1-416D-A1AD-8671A9E38707}.Release|Xbox 360.ActiveCfg = Release|Any CPU
		{8C941C8D-23E3-4193-90A8-C093E52711F7}.Debug|Any CPU.ActiveCfg = Debug|Xbox 360
		{8C941C8D-23E3-4193-90A8-C093E52711F7}.Debug|Mixed Platforms.ActiveCfg = Debug|Xbox 360
		{8C941C8D-23E3-4193-90A8-C093E52711F7}.Debug|Mixed Platforms.Build.0 = Debug|Xbox 360
		{8C941C8D-23E3-4193-90A8-C093E52711F7}.Debug|x86.ActiveCfg = Debug|Xbox 360
		{8C941C8D-23E3-4193-90A8-C093E52711F7}.Debug|Xbox 360.ActiveCfg = Debug|Xbox 360
		{8C941C8D-23E3-4193-90A8-C093E52711F7}.Debug|Xbox 360.Build.0 = Debug|Xbox 360
		{8C941C8D-23E3-4193-90A8-C093E52711F7}.Release Win32|Any CPU.ActiveCfg = Release Win32|Xbox 360
		{8C941C8D-23E3-4193-90A8-C093E52711F7}.Release Win32|Mixed Platforms.ActiveCfg = Release Win32|Xbox 360
		{8C941C8D-23E3-4193-90A8-C093E52711F7}.Release Win32|Mixed Platforms.Build.0 = Release Win32|Xbox 360
		{8C941C8D-23E3-4193-90A8-C093E52711F7}.Release Win32|x86.ActiveCfg = Release Win32|Xbox 360
		{8C941C8D-23E3-4193-90A8-C093E52711F7}.Release Win32|Xbox 360.ActiveCfg = Release Win32|Xbox 360
		{8C941C8D-23E3-4193-90A8-C093E52711F7}.Release Win32|Xbox 360.Build.0 = Release Win32|Xbox 360
		{8C941C8D-23E3-4193-90A8-C093E52711F7}.Release.Xbox|Any CPU.ActiveCfg = Release.Xbox|Xbox 360
		{8C941C8D-23E3-4193-90A8-C093E52711F7}.Release.Xbox|Mixed Platforms.ActiveCfg = Release.Xbox|Xbox 360
		{8C941C8D-23E3-4193-90A8-C093E52711F7}.Release.Xbox|Mixed Platforms.Build.0 = Release.Xbox|Xbox 360
		{8C941C8D-23E3-4193-90A8-C093E52711F7}.Release.Xbox|x86.ActiveCfg = Release.Xbox|Xbox 360
		{8C941C8D-23E3-4193-90A8-C093E52711F7}.Release.Xbox|Xbox 360.ActiveCfg = Release.Xbox|Xbox 360
		{8C941C8D-23E3-4193-90A8-C093E52711F7}.Release.Xbox|Xbox 360.Build.0 = Release.Xbox|Xbox 360
		{8C941C8D-23E3-4193-90A8-C093E52711F7}.Release|Any CPU.ActiveCfg = Release|Xbox 360
		{8C941C8D-23E3-4193-90A8-C093E52711F7}.Release|Mixed Platforms.ActiveCfg = Release|Xbox 360
		{8C941C8D-23E3-4193-90A8-C093E52711F7}.Release|Mixed Platforms.Build.0 = Release|Xbox 360
		{8C941C8D-23E3-4193-90A8-C093E52711F7}.Release|x86.ActiveCfg = Release|Xbox 360
		{8C941C8D-23E3-4193-90A8-C093E52711F7}.Release|Xbox 360.ActiveCfg = Release|Xbox 360
		{8C941C8D-23E3-4193-90A8-C093E52711F7}.Release|Xbox 360.Build.0 = Release|Xbox 360
		{98792D6F-B1B6-4685-96CA-E1CC5E3BBBC1}.Debug|Any CPU.ActiveCfg = Debug|Any CPU
		{98792D6F-B1B6-4685-96CA-E1CC5E3BBBC1}.Debug|Any CPU.Build.0 = Debug|Any CPU
		{98792D6F-B1B6-4685-96CA-E1CC5E3BBBC1}.Debug|Mixed Platforms.ActiveCfg = Debug|Any CPU
		{98792D6F-B1B6-4685-96CA-E1CC5E3BBBC1}.Debug|Mixed Platforms.Build.0 = Debug|Any CPU
		{98792D6F-B1B6-4685-96CA-E1CC5E3BBBC1}.Debug|x86.ActiveCfg = Debug|Any CPU
		{98792D6F-B1B6-4685-96CA-E1CC5E3BBBC1}.Debug|x86.Build.0 = Debug|Any CPU
		{98792D6F-B1B6-4685-96CA-E1CC5E3BBBC1}.Debug|Xbox 360.ActiveCfg = Debug|Any CPU
		{98792D6F-B1B6-4685-96CA-E1CC5E3BBBC1}.Debug|Xbox 360.Build.0 = Debug|Any CPU
		{98792D6F-B1B6-4685-96CA-E1CC5E3BBBC1}.Release Win32|Any CPU.ActiveCfg = Debug|Any CPU
		{98792D6F-B1B6-4685-96CA-E1CC5E3BBBC1}.Release Win32|Any CPU.Build.0 = Debug|Any CPU
		{98792D6F-B1B6-4685-96CA-E1CC5E3BBBC1}.Release Win32|Mixed Platforms.ActiveCfg = Debug|Any CPU
		{98792D6F-B1B6-4685-96CA-E1CC5E3BBBC1}.Release Win32|Mixed Platforms.Build.0 = Debug|Any CPU
		{98792D6F-B1B6-4685-96CA-E1CC5E3BBBC1}.Release Win32|x86.ActiveCfg = Debug|Any CPU
		{98792D6F-B1B6-4685-96CA-E1CC5E3BBBC1}.Release Win32|x86.Build.0 = Debug|Any CPU
		{98792D6F-B1B6-4685-96CA-E1CC5E3BBBC1}.Release Win32|Xbox 360.ActiveCfg = Debug|Any CPU
		{98792D6F-B1B6-4685-96CA-E1CC5E3BBBC1}.Release Win32|Xbox 360.Build.0 = Debug|Any CPU
		{98792D6F-B1B6-4685-96CA-E1CC5E3BBBC1}.Release.Xbox|Any CPU.ActiveCfg = Debug|Any CPU
		{98792D6F-B1B6-4685-96CA-E1CC5E3BBBC1}.Release.Xbox|Any CPU.Build.0 = Debug|Any CPU
		{98792D6F-B1B6-4685-96CA-E1CC5E3BBBC1}.Release.Xbox|Mixed Platforms.ActiveCfg = Debug|Any CPU
		{98792D6F-B1B6-4685-96CA-E1CC5E3BBBC1}.Release.Xbox|Mixed Platforms.Build.0 = Debug|Any CPU
		{98792D6F-B1B6-4685-96CA-E1CC5E3BBBC1}.Release.Xbox|x86.ActiveCfg = Debug|Any CPU
		{98792D6F-B1B6-4685-96CA-E1CC5E3BBBC1}.Release.Xbox|x86.Build.0 = Debug|Any CPU
		{98792D6F-B1B6-4685-96CA-E1CC5E3BBBC1}.Release.Xbox|Xbox 360.ActiveCfg = Debug|Any CPU
		{98792D6F-B1B6-4685-96CA-E1CC5E3BBBC1}.Release.Xbox|Xbox 360.Build.0 = Debug|Any CPU
		{98792D6F-B1B6-4685-96CA-E1CC5E3BBBC1}.Release|Any CPU.ActiveCfg = Release|Any CPU
		{98792D6F-B1B6-4685-96CA-E1CC5E3BBBC1}.Release|Any CPU.Build.0 = Release|Any CPU
		{98792D6F-B1B6-4685-96CA-E1CC5E3BBBC1}.Release|Mixed Platforms.ActiveCfg = Release|Any CPU
		{98792D6F-B1B6-4685-96CA-E1CC5E3BBBC1}.Release|Mixed Platforms.Build.0 = Release|Any CPU
		{98792D6F-B1B6-4685-96CA-E1CC5E3BBBC1}.Release|x86.ActiveCfg = Release|Any CPU
		{98792D6F-B1B6-4685-96CA-E1CC5E3BBBC1}.Release|x86.Build.0 = Release|Any CPU
		{98792D6F-B1B6-4685-96CA-E1CC5E3BBBC1}.Release|Xbox 360.ActiveCfg = Release|Any CPU
		{98792D6F-B1B6-4685-96CA-E1CC5E3BBBC1}.Release|Xbox 360.Build.0 = Release|Any CPU
		{BDE38033-0722-470B-9F63-E3C9486A4B33}.Debug|Any CPU.ActiveCfg = Debug|x86
		{BDE38033-0722-470B-9F63-E3C9486A4B33}.Debug|Mixed Platforms.ActiveCfg = Debug|x86
		{BDE38033-0722-470B-9F63-E3C9486A4B33}.Debug|Mixed Platforms.Build.0 = Debug|x86
		{BDE38033-0722-470B-9F63-E3C9486A4B33}.Debug|x86.ActiveCfg = Debug|x86
		{BDE38033-0722-470B-9F63-E3C9486A4B33}.Debug|x86.Build.0 = Debug|x86
		{BDE38033-0722-470B-9F63-E3C9486A4B33}.Debug|Xbox 360.ActiveCfg = Debug|x86
		{BDE38033-0722-470B-9F63-E3C9486A4B33}.Release Win32|Any CPU.ActiveCfg = Release Win32|x86
		{BDE38033-0722-470B-9F63-E3C9486A4B33}.Release Win32|Mixed Platforms.ActiveCfg = Release Win32|x86
		{BDE38033-0722-470B-9F63-E3C9486A4B33}.Release Win32|Mixed Platforms.Build.0 = Release Win32|x86
		{BDE38033-0722-470B-9F63-E3C9486A4B33}.Release Win32|x86.ActiveCfg = Release Win32|x86
		{BDE38033-0722-470B-9F63-E3C9486A4B33}.Release Win32|x86.Build.0 = Release Win32|x86
		{BDE38033-0722-470B-9F63-E3C9486A4B33}.Release Win32|Xbox 360.ActiveCfg = Release Win32|x86
		{BDE38033-0722-470B-9F63-E3C9486A4B33}.Release.Xbox|Any CPU.ActiveCfg = Release.Xbox|x86
		{BDE38033-0722-470B-9F63-E3C9486A4B33}.Release.Xbox|Mixed Platforms.ActiveCfg = Release.Xbox|x86
		{BDE38033-0722-470B-9F63-E3C9486A4B33}.Release.Xbox|Mixed Platforms.Build.0 = Release.Xbox|x86
		{BDE38033-0722-470B-9F63-E3C9486A4B33}.Release.Xbox|x86.ActiveCfg = Release.Xbox|x86
		{BDE38033-0722-470B-9F63-E3C9486A4B33}.Release.Xbox|x86.Build.0 = Release.Xbox|x86
		{BDE38033-0722-470B-9F63-E3C9486A4B33}.Release.Xbox|Xbox 360.ActiveCfg = Release.Xbox|x86
		{BDE38033-0722-470B-9F63-E3C9486A4B33}.Release|Any CPU.ActiveCfg = Release|x86
		{BDE38033-0722-470B-9F63-E3C9486A4B33}.Release|Mixed Platforms.ActiveCfg = Release|x86
		{BDE38033-0722-470B-9F63-E3C9486A4B33}.Release|Mixed Platforms.Build.0 = Release|x86
		{BDE38033-0722-470B-9F63-E3C9486A4B33}.Release|x86.ActiveCfg = Release|x86
		{BDE38033-0722-470B-9F63-E3C9486A4B33}.Release|x86.Build.0 = Release|x86
		{BDE38033-0722-470B-9F63-E3C9486A4B33}.Release|Xbox 360.ActiveCfg = Release|x86
		{C9B61513-351C-45C5-8628-D70E739CEC12}.Debug|Any CPU.ActiveCfg = Debug|Xbox 360
		{C9B61513-351C-45C5-8628-D70E739CEC12}.Debug|Mixed Platforms.ActiveCfg = Debug|Xbox 360
		{C9B61513-351C-45C5-8628-D70E739CEC12}.Debug|Mixed Platforms.Build.0 = Debug|Xbox 360
		{C9B61513-351C-45C5-8628-D70E739CEC12}.Debug|x86.ActiveCfg = Debug|Xbox 360
		{C9B61513-351C-45C5-8628-D70E739CEC12}.Debug|Xbox 360.ActiveCfg = Debug|Xbox 360
		{C9B61513-351C-45C5-8628-D70E739CEC12}.Debug|Xbox 360.Build.0 = Debug|Xbox 360
		{C9B61513-351C-45C5-8628-D70E739CEC12}.Release Win32|Any CPU.ActiveCfg = Release Win32|Xbox 360
		{C9B61513-351C-45C5-8628-D70E739CEC12}.Release Win32|Mixed Platforms.ActiveCfg = Release Win32|Xbox 360
		{C9B61513-351C-45C5-8628-D70E739CEC12}.Release Win32|Mixed Platforms.Build.0 = Release Win32|Xbox 360
		{C9B61513-351C-45C5-8628-D70E739CEC12}.Release Win32|x86.ActiveCfg = Release Win32|Xbox 360
		{C9B61513-351C-45C5-8628-D70E739CEC12}.Release Win32|Xbox 360.ActiveCfg = Release Win32|Xbox 360
		{C9B61513-351C-45C5-8628-D70E739CEC12}.Release Win32|Xbox 360.Build.0 = Release Win32|Xbox 360
		{C9B61513-351C-45C5-8628-D70E739CEC12}.Release.Xbox|Any CPU.ActiveCfg = Release.Xbox|Xbox 360
		{C9B61513-351C-45C5-8628-D70E739CEC12}.Release.Xbox|Mixed Platforms.ActiveCfg = Release.Xbox|Xbox 360
		{C9B61513-351C-45C5-8628-D70E739CEC12}.Release.Xbox|Mixed Platforms.Build.0 = Release.Xbox|Xbox 360
		{C9B61513-351C-45C5-8628-D70E739CEC12}.Release.Xbox|x86.ActiveCfg = Release.Xbox|Xbox 360
		{C9B61513-351C-45C5-8628-D70E739CEC12}.Release.Xbox|Xbox 360.ActiveCfg = Release.Xbox|Xbox 360
		{C9B61513-351C-45C5-8628-D70E739CEC12}.Release.Xbox|Xbox 360.Build.0 = Release.Xbox|Xbox 360
		{C9B61513-351C-45C5-8628-D70E739CEC12}.Release|Any CPU.ActiveCfg = Release|Xbox 360
		{C9B61513-351C-45C5-8628-D70E739CEC12}.Release|Mixed Platforms.ActiveCfg = Release|Xbox 360
		{C9B61513-351C-45C5-8628-D70E739CEC12}.Release|Mixed Platforms.Build.0 = Release|Xbox 360
		{C9B61513-351C-45C5-8628-D70E739CEC12}.Release|x86.ActiveCfg = Release|Xbox 360
		{C9B61513-351C-45C5-8628-D70E739CEC12}.Release|Xbox 360.ActiveCfg = Release|Xbox 360
		{C9B61513-351C-45C5-8628-D70E739CEC12}.Release|Xbox 360.Build.0 = Release|Xbox 360
		{E0C66FEA-3843-458D-AAF7-779EBBE6BBBB}.Debug|Any CPU.ActiveCfg = Debug|x86
		{E0C66FEA-3843-458D-AAF7-779EBBE6BBBB}.Debug|Mixed Platforms.ActiveCfg = Debug|x86
		{E0C66FEA-3843-458D-AAF7-779EBBE6BBBB}.Debug|Mixed Platforms.Build.0 = Debug|x86
		{E0C66FEA-3843-458D-AAF7-779EBBE6BBBB}.Debug|x86.ActiveCfg = Debug|x86
		{E0C66FEA-3843-458D-AAF7-779EBBE6BBBB}.Debug|x86.Build.0 = Debug|x86
		{E0C66FEA-3843-458D-AAF7-779EBBE6BBBB}.Debug|Xbox 360.ActiveCfg = Debug|x86
		{E0C66FEA-3843-458D-AAF7-779EBBE6BBBB}.Debug|Xbox 360.Build.0 = Debug|x86
		{E0C66FEA-3843-458D-AAF7-779EBBE6BBBB}.Release Win32|Any CPU.ActiveCfg = Release Win32|x86
		{E0C66FEA-3843-458D-AAF7-779EBBE6BBBB}.Release Win32|Mixed Platforms.ActiveCfg = Release Win32|x86
		{E0C66FEA-3843-458D-AAF7-779EBBE6BBBB}.Release Win32|Mixed Platforms.Build.0 = Release Win32|x86
		{E0C66FEA-3843-458D-AAF7-779EBBE6BBBB}.Release Win32|x86.ActiveCfg = Release Win32|x86
		{E0C66FEA-3843-458D-AAF7-779EBBE6BBBB}.Release Win32|x86.Build.0 = Release Win32|x86
		{E0C66FEA-3843-458D-AAF7-779EBBE6BBBB}.Release Win32|Xbox 360.ActiveCfg = Release Win32|x86
		{E0C66FEA-3843-458D-AAF7-779EBBE6BBBB}.Release Win32|Xbox 360.Build.0 = Release Win32|x86
		{E0C66FEA-3843-458D-AAF7-779EBBE6BBBB}.Release.Xbox|Any CPU.ActiveCfg = Release.Xbox|x86
		{E0C66FEA-3843-458D-AAF7-779EBBE6BBBB}.Release.Xbox|Mixed Platforms.ActiveCfg = Release.Xbox|x86
		{E0C66FEA-3843-458D-AAF7-779EBBE6BBBB}.Release.Xbox|Mixed Platforms.Build.0 = Release.Xbox|x86
		{E0C66FEA-3843-458D-AAF7-779EBBE6BBBB}.Release.Xbox|x86.ActiveCfg = Release.Xbox|x86
		{E0C66FEA-3843-458D-AAF7-779EBBE6BBBB}.Release.Xbox|x86.Build.0 = Release.Xbox|x86
		{E0C66FEA-3843-458D-AAF7-779EBBE6BBBB}.Release.Xbox|Xbox 360.ActiveCfg = Release.Xbox|x86
		{E0C66FEA-3843-458D-AAF7-779EBBE6BBBB}.Release.Xbox|Xbox 360.Build.0 = Release.Xbox|x86
		{E0C66FEA-3843-458D-AAF7-779EBBE6BBBB}.Release|Any CPU.ActiveCfg = Release|x86
		{E0C66FEA-3843-458D-AAF7-779EBBE6BBBB}.Release|Mixed Platforms.ActiveCfg = Release|x86
		{E0C66FEA-3843-458D-AAF7-779EBBE6BBBB}.Release|Mixed Platforms.Build.0 = Release|x86
		{E0C66FEA-3843-458D-AAF7-779EBBE6BBBB}.Release|x86.ActiveCfg = Release|x86
		{E0C66FEA-3843-458D-AAF7-779EBBE6BBBB}.Release|x86.Build.0 = Release|x86
		{E0C66FEA-3843-458D-AAF7-779EBBE6BBBB}.Release|Xbox 360.ActiveCfg = Release|x86
		{E0C66FEA-3843-458D-AAF7-779EBBE6BBBB}.Release|Xbox 360.Build.0 = Release|x86
	EndGlobalSection
	GlobalSection(MonoDevelopProperties) = preSolution
		StartupItem = Amphibian\Amphibian.csproj
	EndGlobalSection
	GlobalSection(SolutionProperties) = preSolution
		HideSolutionNode = FALSE
	EndGlobalSection
EndGlobal
